
Microsoft Visual Studio Solution File, Format Version 11.00
# Visual Studio 2010
Project("{FAE04EC0-301F-11D3-BF4B-00C04F79EFBC}") = "BasketballShotContest", "BasketballShotContest\BasketballShotContest\BasketballShotContest.csproj", "{39D4E453-80EC-4D8E-B336-991AAA2267B2}"
EndProject
Project("{96E2B04D-8817-42C6-938A-82C39BA4D311}") = "BasketballShotContestContent", "BasketballShotContest\BasketballShotContestContent\BasketballShotContestContent.contentproj", "{C8D0B374-72F0-4146-AEF3-7D070DBCE973}"
EndProject
Global
	GlobalSection(SolutionConfigurationPlatforms) = preSolution
		Debug|x86 = Debug|x86
		Release|x86 = Release|x86
	EndGlobalSection
	GlobalSection(ProjectConfigurationPlatforms) = postSolution
		{39D4E453-80EC-4D8E-B336-991AAA2267B2}.Debug|x86.ActiveCfg = Debug|x86
		{39D4E453-80EC-4D8E-B336-991AAA2267B2}.Debug|x86.Build.0 = Debug|x86
		{39D4E453-80EC-4D8E-B336-991AAA2267B2}.Release|x86.ActiveCfg = Release|x86
		{39D4E453-80EC-4D8E-B336-991AAA2267B2}.Release|x86.Build.0 = Release|x86
		{C8D0B374-72F0-4146-AEF3-7D070DBCE973}.Debug|x86.ActiveCfg = Debug|x86
		{C8D0B374-72F0-4146-AEF3-7D070DBCE973}.Release|x86.ActiveCfg = Release|x86
	EndGlobalSection
	GlobalSection(SolutionProperties) = preSolution
		HideSolutionNode = FALSE
	EndGlobalSection
EndGlobal
